
Microsoft Visual Studio Solution File, Format Version 12.00
# Visual Studio Express 2012 for Windows 8
Project("{FAE04EC0-301F-11D3-BF4B-00C04F79EFBC}") = "RssReaderSample", "RssReaderSample\RssReaderSample.csproj", "{28F9B725-94B5-4F3D-97B1-6ABD5088FA4F}"
EndProject
Global
	GlobalSection(SolutionConfigurationPlatforms) = preSolution
		Debug|Any CPU = Debug|Any CPU
		Debug|ARM = Debug|ARM
		Debug|x64 = Debug|x64
		Debug|x86 = Debug|x86
		Offline|Any CPU = Offline|Any CPU
		Offline|ARM = Offline|ARM
		Offline|x64 = Offline|x64
		Offline|x86 = Offline|x86
		Release|Any CPU = Release|Any CPU
		Release|ARM = Release|ARM
		Release|x64 = Release|x64
		Release|x86 = Release|x86
	EndGlobalSection
	GlobalSection(ProjectConfigurationPlatforms) = postSolution
		{28F9B725-94B5-4F3D-97B1-6ABD5088FA4F}.Debug|Any CPU.ActiveCfg = Debug|Any CPU
		{28F9B725-94B5-4F3D-97B1-6ABD5088FA4F}.Debug|Any CPU.Build.0 = Debug|Any CPU
		{28F9B725-94B5-4F3D-97B1-6ABD5088FA4F}.Debug|Any CPU.Deploy.0 = Debug|Any CPU
		{28F9B725-94B5-4F3D-97B1-6ABD5088FA4F}.Debug|ARM.ActiveCfg = Debug|ARM
		{28F9B725-94B5-4F3D-97B1-6ABD5088FA4F}.Debug|ARM.Build.0 = Debug|ARM
		{28F9B725-94B5-4F3D-97B1-6ABD5088FA4F}.Debug|ARM.Deploy.0 = Debug|ARM
		{28F9B725-94B5-4F3D-97B1-6ABD5088FA4F}.Debug|x64.ActiveCfg = Debug|x64
		{28F9B725-94B5-4F3D-97B1-6ABD5088FA4F}.Debug|x64.Build.0 = Debug|x64
		{28F9B725-94B5-4F3D-97B1-6ABD5088FA4F}.Debug|x64.Deploy.0 = Debug|x64
		{28F9B725-94B5-4F3D-97B1-6ABD5088FA4F}.Debug|x86.ActiveCfg = Debug|x86
		{28F9B725-94B5-4F3D-97B1-6ABD5088FA4F}.Debug|x86.Build.0 = Debug|x86
		{28F9B725-94B5-4F3D-97B1-6ABD5088FA4F}.Debug|x86.Deploy.0 = Debug|x86
		{28F9B725-94B5-4F3D-97B1-6ABD5088FA4F}.Offline|Any CPU.ActiveCfg = Offline|Any CPU
		{28F9B725-94B5-4F3D-97B1-6ABD5088FA4F}.Offline|Any CPU.Build.0 = Offline|Any CPU
		{28F9B725-94B5-4F3D-97B1-6ABD5088FA4F}.Offline|Any CPU.Deploy.0 = Offline|Any CPU
		{28F9B725-94B5-4F3D-97B1-6ABD5088FA4F}.Offline|ARM.ActiveCfg = Offline|ARM
		{28F9B725-94B5-4F3D-97B1-6ABD5088FA4F}.Offline|ARM.Build.0 = Offline|ARM
		{28F9B725-94B5-4F3D-97B1-6ABD5088FA4F}.Offline|ARM.Deploy.0 = Offline|ARM
		{28F9B725-94B5-4F3D-97B1-6ABD5088FA4F}.Offline|x64.ActiveCfg = Offline|x64
		{28F9B725-94B5-4F3D-97B1-6ABD5088FA4F}.Offline|x64.Build.0 = Offline|x64
		{28F9B725-94B5-4F3D-97B1-6ABD5088FA4F}.Offline|x64.Deploy.0 = Offline|x64
		{28F9B725-94B5-4F3D-97B1-6ABD5088FA4F}.Offline|x86.ActiveCfg = Offline|x86
		{28F9B725-94B5-4F3D-97B1-6ABD5088FA4F}.Offline|x86.Build.0 = Offline|x86
		{28F9B725-94B5-4F3D-97B1-6ABD5088FA4F}.Offline|x86.Deploy.0 = Offline|x86
		{28F9B725-94B5-4F3D-97B1-6ABD5088FA4F}.Release|Any CPU.ActiveCfg = Release|Any CPU
		{28F9B725-94B5-4F3D-97B1-6ABD5088FA4F}.Release|Any CPU.Build.0 = Release|Any CPU
		{28F9B725-94B5-4F3D-97B1-6ABD5088FA4F}.Release|Any CPU.Deploy.0 = Release|Any CPU
		{28F9B725-94B5-4F3D-97B1-6ABD5088FA4F}.Release|ARM.ActiveCfg = Release|ARM
		{28F9B725-94B5-4F3D-97B1-6ABD5088FA4F}.Release|ARM.Build.0 = Release|ARM
		{28F9B725-94B5-4F3D-97B1-6ABD5088FA4F}.Release|ARM.Deploy.0 = Release|ARM
		{28F9B725-94B5-4F3D-97B1-6ABD5088FA4F}.Release|x64.ActiveCfg = Release|x64
		{28F9B725-94B5-4F3D-97B1-6ABD5088FA4F}.Release|x64.Build.0 = Release|x64
		{28F9B725-94B5-4F3D-97B1-6ABD5088FA4F}.Release|x64.Deploy.0 = Release|x64
		{28F9B725-94B5-4F3D-97B1-6ABD5088FA4F}.Release|x86.ActiveCfg = Release|x86
		{28F9B725-94B5-4F3D-97B1-6ABD5088FA4F}.Release|x86.Build.0 = Release|x86
		{28F9B725-94B5-4F3D-97B1-6ABD5088FA4F}.Release|x86.Deploy.0 = Release|x86
	EndGlobalSection
	GlobalSection(SolutionProperties) = preSolution
		HideSolutionNode = FALSE
	EndGlobalSection
EndGlobal
