
Microsoft Visual Studio Solution File, Format Version 12.00
# Visual Studio 2012
Project("{FAE04EC0-301F-11D3-BF4B-00C04F79EFBC}") = "AccelerometerSample", "AccelerometerSample\AccelerometerSample\AccelerometerSample.csproj", "{299EDF0C-FE36-40AE-9D79-F7D4A8573B15}"
EndProject
Project("{FAE04EC0-301F-11D3-BF4B-00C04F79EFBC}") = "BingMapsSample", "BingMapsSample\BingMapsSample\BingMapsSample.csproj", "{8E64E317-6122-404D-9905-8F291C29267A}"
EndProject
Project("{FAE04EC0-301F-11D3-BF4B-00C04F79EFBC}") = "HelloWorldApp", "HelloWorldApp\HelloWorldApp\HelloWorldApp.csproj", "{44514574-6C73-4877-9F5A-2714EBA971E1}"
EndProject
Project("{FAE04EC0-301F-11D3-BF4B-00C04F79EFBC}") = "ImageProcessingSample", "ImageProcessingSample\ImageProcessingSample\ImageProcessingSample.csproj", "{8B3379D7-E377-47CE-B70A-E223AE4A6F3E}"
EndProject
Project("{FAE04EC0-301F-11D3-BF4B-00C04F79EFBC}") = "RssReaderSample", "RssReaderSample\RssReaderSample\RssReaderSample.csproj", "{28F9B725-94B5-4F3D-97B1-6ABD5088FA4F}"
EndProject
Global
	GlobalSection(SolutionConfigurationPlatforms) = preSolution
		Debug|Any CPU = Debug|Any CPU
		Debug|ARM = Debug|ARM
		Debug|x64 = Debug|x64
		Debug|x86 = Debug|x86
		Offline|Any CPU = Offline|Any CPU
		Offline|ARM = Offline|ARM
		Offline|x64 = Offline|x64
		Offline|x86 = Offline|x86
		Release|Any CPU = Release|Any CPU
		Release|ARM = Release|ARM
		Release|x64 = Release|x64
		Release|x86 = Release|x86
	EndGlobalSection
	GlobalSection(ProjectConfigurationPlatforms) = postSolution
		{299EDF0C-FE36-40AE-9D79-F7D4A8573B15}.Debug|Any CPU.ActiveCfg = Debug|Any CPU
		{299EDF0C-FE36-40AE-9D79-F7D4A8573B15}.Debug|Any CPU.Build.0 = Debug|Any CPU
		{299EDF0C-FE36-40AE-9D79-F7D4A8573B15}.Debug|Any CPU.Deploy.0 = Debug|Any CPU
		{299EDF0C-FE36-40AE-9D79-F7D4A8573B15}.Debug|ARM.ActiveCfg = Debug|ARM
		{299EDF0C-FE36-40AE-9D79-F7D4A8573B15}.Debug|ARM.Build.0 = Debug|ARM
		{299EDF0C-FE36-40AE-9D79-F7D4A8573B15}.Debug|ARM.Deploy.0 = Debug|ARM
		{299EDF0C-FE36-40AE-9D79-F7D4A8573B15}.Debug|x64.ActiveCfg = Debug|x64
		{299EDF0C-FE36-40AE-9D79-F7D4A8573B15}.Debug|x64.Build.0 = Debug|x64
		{299EDF0C-FE36-40AE-9D79-F7D4A8573B15}.Debug|x64.Deploy.0 = Debug|x64
		{299EDF0C-FE36-40AE-9D79-F7D4A8573B15}.Debug|x86.ActiveCfg = Debug|x86
		{299EDF0C-FE36-40AE-9D79-F7D4A8573B15}.Debug|x86.Build.0 = Debug|x86
		{299EDF0C-FE36-40AE-9D79-F7D4A8573B15}.Debug|x86.Deploy.0 = Debug|x86
		{299EDF0C-FE36-40AE-9D79-F7D4A8573B15}.Offline|Any CPU.ActiveCfg = Release|Any CPU
		{299EDF0C-FE36-40AE-9D79-F7D4A8573B15}.Offline|Any CPU.Build.0 = Release|Any CPU
		{299EDF0C-FE36-40AE-9D79-F7D4A8573B15}.Offline|Any CPU.Deploy.0 = Release|Any CPU
		{299EDF0C-FE36-40AE-9D79-F7D4A8573B15}.Offline|ARM.ActiveCfg = Release|ARM
		{299EDF0C-FE36-40AE-9D79-F7D4A8573B15}.Offline|ARM.Build.0 = Release|ARM
		{299EDF0C-FE36-40AE-9D79-F7D4A8573B15}.Offline|ARM.Deploy.0 = Release|ARM
		{299EDF0C-FE36-40AE-9D79-F7D4A8573B15}.Offline|x64.ActiveCfg = Release|x64
		{299EDF0C-FE36-40AE-9D79-F7D4A8573B15}.Offline|x64.Build.0 = Release|x64
		{299EDF0C-FE36-40AE-9D79-F7D4A8573B15}.Offline|x64.Deploy.0 = Release|x64
		{299EDF0C-FE36-40AE-9D79-F7D4A8573B15}.Offline|x86.ActiveCfg = Release|x86
		{299EDF0C-FE36-40AE-9D79-F7D4A8573B15}.Offline|x86.Build.0 = Release|x86
		{299EDF0C-FE36-40AE-9D79-F7D4A8573B15}.Offline|x86.Deploy.0 = Release|x86
		{299EDF0C-FE36-40AE-9D79-F7D4A8573B15}.Release|Any CPU.ActiveCfg = Release|Any CPU
		{299EDF0C-FE36-40AE-9D79-F7D4A8573B15}.Release|Any CPU.Build.0 = Release|Any CPU
		{299EDF0C-FE36-40AE-9D79-F7D4A8573B15}.Release|Any CPU.Deploy.0 = Release|Any CPU
		{299EDF0C-FE36-40AE-9D79-F7D4A8573B15}.Release|ARM.ActiveCfg = Release|ARM
		{299EDF0C-FE36-40AE-9D79-F7D4A8573B15}.Release|ARM.Build.0 = Release|ARM
		{299EDF0C-FE36-40AE-9D79-F7D4A8573B15}.Release|ARM.Deploy.0 = Release|ARM
		{299EDF0C-FE36-40AE-9D79-F7D4A8573B15}.Release|x64.ActiveCfg = Release|x64
		{299EDF0C-FE36-40AE-9D79-F7D4A8573B15}.Release|x64.Build.0 = Release|x64
		{299EDF0C-FE36-40AE-9D79-F7D4A8573B15}.Release|x64.Deploy.0 = Release|x64
		{299EDF0C-FE36-40AE-9D79-F7D4A8573B15}.Release|x86.ActiveCfg = Release|x86
		{299EDF0C-FE36-40AE-9D79-F7D4A8573B15}.Release|x86.Build.0 = Release|x86
		{299EDF0C-FE36-40AE-9D79-F7D4A8573B15}.Release|x86.Deploy.0 = Release|x86
		{8E64E317-6122-404D-9905-8F291C29267A}.Debug|Any CPU.ActiveCfg = Debug|Any CPU
		{8E64E317-6122-404D-9905-8F291C29267A}.Debug|Any CPU.Build.0 = Debug|Any CPU
		{8E64E317-6122-404D-9905-8F291C29267A}.Debug|Any CPU.Deploy.0 = Debug|Any CPU
		{8E64E317-6122-404D-9905-8F291C29267A}.Debug|ARM.ActiveCfg = Debug|ARM
		{8E64E317-6122-404D-9905-8F291C29267A}.Debug|ARM.Build.0 = Debug|ARM
		{8E64E317-6122-404D-9905-8F291C29267A}.Debug|ARM.Deploy.0 = Debug|ARM
		{8E64E317-6122-404D-9905-8F291C29267A}.Debug|x64.ActiveCfg = Debug|x64
		{8E64E317-6122-404D-9905-8F291C29267A}.Debug|x64.Build.0 = Debug|x64
		{8E64E317-6122-404D-9905-8F291C29267A}.Debug|x64.Deploy.0 = Debug|x64
		{8E64E317-6122-404D-9905-8F291C29267A}.Debug|x86.ActiveCfg = Debug|x86
		{8E64E317-6122-404D-9905-8F291C29267A}.Debug|x86.Build.0 = Debug|x86
		{8E64E317-6122-404D-9905-8F291C29267A}.Debug|x86.Deploy.0 = Debug|x86
		{8E64E317-6122-404D-9905-8F291C29267A}.Offline|Any CPU.ActiveCfg = Release|Any CPU
		{8E64E317-6122-404D-9905-8F291C29267A}.Offline|Any CPU.Build.0 = Release|Any CPU
		{8E64E317-6122-404D-9905-8F291C29267A}.Offline|Any CPU.Deploy.0 = Release|Any CPU
		{8E64E317-6122-404D-9905-8F291C29267A}.Offline|ARM.ActiveCfg = Release|ARM
		{8E64E317-6122-404D-9905-8F291C29267A}.Offline|ARM.Build.0 = Release|ARM
		{8E64E317-6122-404D-9905-8F291C29267A}.Offline|ARM.Deploy.0 = Release|ARM
		{8E64E317-6122-404D-9905-8F291C29267A}.Offline|x64.ActiveCfg = Release|x64
		{8E64E317-6122-404D-9905-8F291C29267A}.Offline|x64.Build.0 = Release|x64
		{8E64E317-6122-404D-9905-8F291C29267A}.Offline|x64.Deploy.0 = Release|x64
		{8E64E317-6122-404D-9905-8F291C29267A}.Offline|x86.ActiveCfg = Release|x86
		{8E64E317-6122-404D-9905-8F291C29267A}.Offline|x86.Build.0 = Release|x86
		{8E64E317-6122-404D-9905-8F291C29267A}.Offline|x86.Deploy.0 = Release|x86
		{8E64E317-6122-404D-9905-8F291C29267A}.Release|Any CPU.ActiveCfg = Release|Any CPU
		{8E64E317-6122-404D-9905-8F291C29267A}.Release|Any CPU.Build.0 = Release|Any CPU
		{8E64E317-6122-404D-9905-8F291C29267A}.Release|Any CPU.Deploy.0 = Release|Any CPU
		{8E64E317-6122-404D-9905-8F291C29267A}.Release|ARM.ActiveCfg = Release|ARM
		{8E64E317-6122-404D-9905-8F291C29267A}.Release|ARM.Build.0 = Release|ARM
		{8E64E317-6122-404D-9905-8F291C29267A}.Release|ARM.Deploy.0 = Release|ARM
		{8E64E317-6122-404D-9905-8F291C29267A}.Release|x64.ActiveCfg = Release|x64
		{8E64E317-6122-404D-9905-8F291C29267A}.Release|x64.Build.0 = Release|x64
		{8E64E317-6122-404D-9905-8F291C29267A}.Release|x64.Deploy.0 = Release|x64
		{8E64E317-6122-404D-9905-8F291C29267A}.Release|x86.ActiveCfg = Release|x86
		{8E64E317-6122-404D-9905-8F291C29267A}.Release|x86.Build.0 = Release|x86
		{8E64E317-6122-404D-9905-8F291C29267A}.Release|x86.Deploy.0 = Release|x86
		{44514574-6C73-4877-9F5A-2714EBA971E1}.Debug|Any CPU.ActiveCfg = Debug|Any CPU
		{44514574-6C73-4877-9F5A-2714EBA971E1}.Debug|Any CPU.Build.0 = Debug|Any CPU
		{44514574-6C73-4877-9F5A-2714EBA971E1}.Debug|Any CPU.Deploy.0 = Debug|Any CPU
		{44514574-6C73-4877-9F5A-2714EBA971E1}.Debug|ARM.ActiveCfg = Debug|ARM
		{44514574-6C73-4877-9F5A-2714EBA971E1}.Debug|ARM.Build.0 = Debug|ARM
		{44514574-6C73-4877-9F5A-2714EBA971E1}.Debug|ARM.Deploy.0 = Debug|ARM
		{44514574-6C73-4877-9F5A-2714EBA971E1}.Debug|x64.ActiveCfg = Debug|x64
		{44514574-6C73-4877-9F5A-2714EBA971E1}.Debug|x64.Build.0 = Debug|x64
		{44514574-6C73-4877-9F5A-2714EBA971E1}.Debug|x64.Deploy.0 = Debug|x64
		{44514574-6C73-4877-9F5A-2714EBA971E1}.Debug|x86.ActiveCfg = Debug|x86
		{44514574-6C73-4877-9F5A-2714EBA971E1}.Debug|x86.Build.0 = Debug|x86
		{44514574-6C73-4877-9F5A-2714EBA971E1}.Debug|x86.Deploy.0 = Debug|x86
		{44514574-6C73-4877-9F5A-2714EBA971E1}.Offline|Any CPU.ActiveCfg = Release|Any CPU
		{44514574-6C73-4877-9F5A-2714EBA971E1}.Offline|Any CPU.Build.0 = Release|Any CPU
		{44514574-6C73-4877-9F5A-2714EBA971E1}.Offline|Any CPU.Deploy.0 = Release|Any CPU
		{44514574-6C73-4877-9F5A-2714EBA971E1}.Offline|ARM.ActiveCfg = Release|ARM
		{44514574-6C73-4877-9F5A-2714EBA971E1}.Offline|ARM.Build.0 = Release|ARM
		{44514574-6C73-4877-9F5A-2714EBA971E1}.Offline|ARM.Deploy.0 = Release|ARM
		{44514574-6C73-4877-9F5A-2714EBA971E1}.Offline|x64.ActiveCfg = Release|x64
		{44514574-6C73-4877-9F5A-2714EBA971E1}.Offline|x64.Build.0 = Release|x64
		{44514574-6C73-4877-9F5A-2714EBA971E1}.Offline|x64.Deploy.0 = Release|x64
		{44514574-6C73-4877-9F5A-2714EBA971E1}.Offline|x86.ActiveCfg = Release|x86
		{44514574-6C73-4877-9F5A-2714EBA971E1}.Offline|x86.Build.0 = Release|x86
		{44514574-6C73-4877-9F5A-2714EBA971E1}.Offline|x86.Deploy.0 = Release|x86
		{44514574-6C73-4877-9F5A-2714EBA971E1}.Release|Any CPU.ActiveCfg = Release|Any CPU
		{44514574-6C73-4877-9F5A-2714EBA971E1}.Release|Any CPU.Build.0 = Release|Any CPU
		{44514574-6C73-4877-9F5A-2714EBA971E1}.Release|Any CPU.Deploy.0 = Release|Any CPU
		{44514574-6C73-4877-9F5A-2714EBA971E1}.Release|ARM.ActiveCfg = Release|ARM
		{44514574-6C73-4877-9F5A-2714EBA971E1}.Release|ARM.Build.0 = Release|ARM
		{44514574-6C73-4877-9F5A-2714EBA971E1}.Release|ARM.Deploy.0 = Release|ARM
		{44514574-6C73-4877-9F5A-2714EBA971E1}.Release|x64.ActiveCfg = Release|x64
		{44514574-6C73-4877-9F5A-2714EBA971E1}.Release|x64.Build.0 = Release|x64
		{44514574-6C73-4877-9F5A-2714EBA971E1}.Release|x64.Deploy.0 = Release|x64
		{44514574-6C73-4877-9F5A-2714EBA971E1}.Release|x86.ActiveCfg = Release|x86
		{44514574-6C73-4877-9F5A-2714EBA971E1}.Release|x86.Build.0 = Release|x86
		{44514574-6C73-4877-9F5A-2714EBA971E1}.Release|x86.Deploy.0 = Release|x86
		{8B3379D7-E377-47CE-B70A-E223AE4A6F3E}.Debug|Any CPU.ActiveCfg = Debug|Any CPU
		{8B3379D7-E377-47CE-B70A-E223AE4A6F3E}.Debug|Any CPU.Build.0 = Debug|Any CPU
		{8B3379D7-E377-47CE-B70A-E223AE4A6F3E}.Debug|Any CPU.Deploy.0 = Debug|Any CPU
		{8B3379D7-E377-47CE-B70A-E223AE4A6F3E}.Debug|ARM.ActiveCfg = Debug|ARM
		{8B3379D7-E377-47CE-B70A-E223AE4A6F3E}.Debug|ARM.Build.0 = Debug|ARM
		{8B3379D7-E377-47CE-B70A-E223AE4A6F3E}.Debug|ARM.Deploy.0 = Debug|ARM
		{8B3379D7-E377-47CE-B70A-E223AE4A6F3E}.Debug|x64.ActiveCfg = Debug|x64
		{8B3379D7-E377-47CE-B70A-E223AE4A6F3E}.Debug|x64.Build.0 = Debug|x64
		{8B3379D7-E377-47CE-B70A-E223AE4A6F3E}.Debug|x64.Deploy.0 = Debug|x64
		{8B3379D7-E377-47CE-B70A-E223AE4A6F3E}.Debug|x86.ActiveCfg = Debug|x86
		{8B3379D7-E377-47CE-B70A-E223AE4A6F3E}.Debug|x86.Build.0 = Debug|x86
		{8B3379D7-E377-47CE-B70A-E223AE4A6F3E}.Debug|x86.Deploy.0 = Debug|x86
		{8B3379D7-E377-47CE-B70A-E223AE4A6F3E}.Offline|Any CPU.ActiveCfg = Release|Any CPU
		{8B3379D7-E377-47CE-B70A-E223AE4A6F3E}.Offline|Any CPU.Build.0 = Release|Any CPU
		{8B3379D7-E377-47CE-B70A-E223AE4A6F3E}.Offline|Any CPU.Deploy.0 = Release|Any CPU
		{8B3379D7-E377-47CE-B70A-E223AE4A6F3E}.Offline|ARM.ActiveCfg = Release|ARM
		{8B3379D7-E377-47CE-B70A-E223AE4A6F3E}.Offline|ARM.Build.0 = Release|ARM
		{8B3379D7-E377-47CE-B70A-E223AE4A6F3E}.Offline|ARM.Deploy.0 = Release|ARM
		{8B3379D7-E377-47CE-B70A-E223AE4A6F3E}.Offline|x64.ActiveCfg = Release|x64
		{8B3379D7-E377-47CE-B70A-E223AE4A6F3E}.Offline|x64.Build.0 = Release|x64
		{8B3379D7-E377-47CE-B70A-E223AE4A6F3E}.Offline|x64.Deploy.0 = Release|x64
		{8B3379D7-E377-47CE-B70A-E223AE4A6F3E}.Offline|x86.ActiveCfg = Release|x86
		{8B3379D7-E377-47CE-B70A-E223AE4A6F3E}.Offline|x86.Build.0 = Release|x86
		{8B3379D7-E377-47CE-B70A-E223AE4A6F3E}.Offline|x86.Deploy.0 = Release|x86
		{8B3379D7-E377-47CE-B70A-E223AE4A6F3E}.Release|Any CPU.ActiveCfg = Release|Any CPU
		{8B3379D7-E377-47CE-B70A-E223AE4A6F3E}.Release|Any CPU.Build.0 = Release|Any CPU
		{8B3379D7-E377-47CE-B70A-E223AE4A6F3E}.Release|Any CPU.Deploy.0 = Release|Any CPU
		{8B3379D7-E377-47CE-B70A-E223AE4A6F3E}.Release|ARM.ActiveCfg = Release|ARM
		{8B3379D7-E377-47CE-B70A-E223AE4A6F3E}.Release|ARM.Build.0 = Release|ARM
		{8B3379D7-E377-47CE-B70A-E223AE4A6F3E}.Release|ARM.Deploy.0 = Release|ARM
		{8B3379D7-E377-47CE-B70A-E223AE4A6F3E}.Release|x64.ActiveCfg = Release|x64
		{8B3379D7-E377-47CE-B70A-E223AE4A6F3E}.Release|x64.Build.0 = Release|x64
		{8B3379D7-E377-47CE-B70A-E223AE4A6F3E}.Release|x64.Deploy.0 = Release|x64
		{8B3379D7-E377-47CE-B70A-E223AE4A6F3E}.Release|x86.ActiveCfg = Release|x86
		{8B3379D7-E377-47CE-B70A-E223AE4A6F3E}.Release|x86.Build.0 = Release|x86
		{8B3379D7-E377-47CE-B70A-E223AE4A6F3E}.Release|x86.Deploy.0 = Release|x86
		{28F9B725-94B5-4F3D-97B1-6ABD5088FA4F}.Debug|Any CPU.ActiveCfg = Debug|Any CPU
		{28F9B725-94B5-4F3D-97B1-6ABD5088FA4F}.Debug|Any CPU.Build.0 = Debug|Any CPU
		{28F9B725-94B5-4F3D-97B1-6ABD5088FA4F}.Debug|Any CPU.Deploy.0 = Debug|Any CPU
		{28F9B725-94B5-4F3D-97B1-6ABD5088FA4F}.Debug|ARM.ActiveCfg = Debug|ARM
		{28F9B725-94B5-4F3D-97B1-6ABD5088FA4F}.Debug|ARM.Build.0 = Debug|ARM
		{28F9B725-94B5-4F3D-97B1-6ABD5088FA4F}.Debug|ARM.Deploy.0 = Debug|ARM
		{28F9B725-94B5-4F3D-97B1-6ABD5088FA4F}.Debug|x64.ActiveCfg = Debug|x64
		{28F9B725-94B5-4F3D-97B1-6ABD5088FA4F}.Debug|x64.Build.0 = Debug|x64
		{28F9B725-94B5-4F3D-97B1-6ABD5088FA4F}.Debug|x64.Deploy.0 = Debug|x64
		{28F9B725-94B5-4F3D-97B1-6ABD5088FA4F}.Debug|x86.ActiveCfg = Debug|x86
		{28F9B725-94B5-4F3D-97B1-6ABD5088FA4F}.Debug|x86.Build.0 = Debug|x86
		{28F9B725-94B5-4F3D-97B1-6ABD5088FA4F}.Debug|x86.Deploy.0 = Debug|x86
		{28F9B725-94B5-4F3D-97B1-6ABD5088FA4F}.Offline|Any CPU.ActiveCfg = Offline|Any CPU
		{28F9B725-94B5-4F3D-97B1-6ABD5088FA4F}.Offline|Any CPU.Build.0 = Offline|Any CPU
		{28F9B725-94B5-4F3D-97B1-6ABD5088FA4F}.Offline|Any CPU.Deploy.0 = Offline|Any CPU
		{28F9B725-94B5-4F3D-97B1-6ABD5088FA4F}.Offline|ARM.ActiveCfg = Offline|ARM
		{28F9B725-94B5-4F3D-97B1-6ABD5088FA4F}.Offline|ARM.Build.0 = Offline|ARM
		{28F9B725-94B5-4F3D-97B1-6ABD5088FA4F}.Offline|ARM.Deploy.0 = Offline|ARM
		{28F9B725-94B5-4F3D-97B1-6ABD5088FA4F}.Offline|x64.ActiveCfg = Offline|x64
		{28F9B725-94B5-4F3D-97B1-6ABD5088FA4F}.Offline|x64.Build.0 = Offline|x64
		{28F9B725-94B5-4F3D-97B1-6ABD5088FA4F}.Offline|x64.Deploy.0 = Offline|x64
		{28F9B725-94B5-4F3D-97B1-6ABD5088FA4F}.Offline|x86.ActiveCfg = Offline|x86
		{28F9B725-94B5-4F3D-97B1-6ABD5088FA4F}.Offline|x86.Build.0 = Offline|x86
		{28F9B725-94B5-4F3D-97B1-6ABD5088FA4F}.Offline|x86.Deploy.0 = Offline|x86
		{28F9B725-94B5-4F3D-97B1-6ABD5088FA4F}.Release|Any CPU.ActiveCfg = Release|Any CPU
		{28F9B725-94B5-4F3D-97B1-6ABD5088FA4F}.Release|Any CPU.Build.0 = Release|Any CPU
		{28F9B725-94B5-4F3D-97B1-6ABD5088FA4F}.Release|Any CPU.Deploy.0 = Release|Any CPU
		{28F9B725-94B5-4F3D-97B1-6ABD5088FA4F}.Release|ARM.ActiveCfg = Release|ARM
		{28F9B725-94B5-4F3D-97B1-6ABD5088FA4F}.Release|ARM.Build.0 = Release|ARM
		{28F9B725-94B5-4F3D-97B1-6ABD5088FA4F}.Release|ARM.Deploy.0 = Release|ARM
		{28F9B725-94B5-4F3D-97B1-6ABD5088FA4F}.Release|x64.ActiveCfg = Release|x64
		{28F9B725-94B5-4F3D-97B1-6ABD5088FA4F}.Release|x64.Build.0 = Release|x64
		{28F9B725-94B5-4F3D-97B1-6ABD5088FA4F}.Release|x64.Deploy.0 = Release|x64
		{28F9B725-94B5-4F3D-97B1-6ABD5088FA4F}.Release|x86.ActiveCfg = Release|x86
		{28F9B725-94B5-4F3D-97B1-6ABD5088FA4F}.Release|x86.Build.0 = Release|x86
		{28F9B725-94B5-4F3D-97B1-6ABD5088FA4F}.Release|x86.Deploy.0 = Release|x86
	EndGlobalSection
	GlobalSection(SolutionProperties) = preSolution
		HideSolutionNode = FALSE
	EndGlobalSection
EndGlobal
