
Microsoft Visual Studio Solution File, Format Version 12.00
# Visual Studio 2012
Project("{FAE04EC0-301F-11D3-BF4B-00C04F79EFBC}") = "ImageProcessingSample", "ImageProcessingSample\ImageProcessingSample.csproj", "{120EED1F-FCF9-4A57-AD77-6939C81B64FB}"
EndProject
Global
	GlobalSection(SolutionConfigurationPlatforms) = preSolution
		Debug|ARM = Debug|ARM
		Debug|Any CPU = Debug|Any CPU
		Debug|x64 = Debug|x64
		Debug|x86 = Debug|x86
		Release|ARM = Release|ARM
		Release|Any CPU = Release|Any CPU
		Release|x64 = Release|x64
		Release|x86 = Release|x86
	EndGlobalSection
	GlobalSection(ProjectConfigurationPlatforms) = postSolution
		{120EED1F-FCF9-4A57-AD77-6939C81B64FB}.Debug|ARM.ActiveCfg = Debug|ARM
		{120EED1F-FCF9-4A57-AD77-6939C81B64FB}.Debug|ARM.Build.0 = Debug|ARM
		{120EED1F-FCF9-4A57-AD77-6939C81B64FB}.Debug|ARM.Deploy.0 = Debug|ARM
		{120EED1F-FCF9-4A57-AD77-6939C81B64FB}.Debug|Any CPU.ActiveCfg = Debug|Any CPU
		{120EED1F-FCF9-4A57-AD77-6939C81B64FB}.Debug|Any CPU.Build.0 = Debug|Any CPU
		{120EED1F-FCF9-4A57-AD77-6939C81B64FB}.Debug|Any CPU.Deploy.0 = Debug|Any CPU
		{120EED1F-FCF9-4A57-AD77-6939C81B64FB}.Debug|x64.ActiveCfg = Debug|x64
		{120EED1F-FCF9-4A57-AD77-6939C81B64FB}.Debug|x64.Build.0 = Debug|x64
		{120EED1F-FCF9-4A57-AD77-6939C81B64FB}.Debug|x64.Deploy.0 = Debug|x64
		{120EED1F-FCF9-4A57-AD77-6939C81B64FB}.Debug|x86.ActiveCfg = Debug|x86
		{120EED1F-FCF9-4A57-AD77-6939C81B64FB}.Debug|x86.Build.0 = Debug|x86
		{120EED1F-FCF9-4A57-AD77-6939C81B64FB}.Debug|x86.Deploy.0 = Debug|x86
		{120EED1F-FCF9-4A57-AD77-6939C81B64FB}.Release|ARM.ActiveCfg = Release|ARM
		{120EED1F-FCF9-4A57-AD77-6939C81B64FB}.Release|ARM.Build.0 = Release|ARM
		{120EED1F-FCF9-4A57-AD77-6939C81B64FB}.Release|ARM.Deploy.0 = Release|ARM
		{120EED1F-FCF9-4A57-AD77-6939C81B64FB}.Release|Any CPU.ActiveCfg = Release|Any CPU
		{120EED1F-FCF9-4A57-AD77-6939C81B64FB}.Release|Any CPU.Build.0 = Release|Any CPU
		{120EED1F-FCF9-4A57-AD77-6939C81B64FB}.Release|Any CPU.Deploy.0 = Release|Any CPU
		{120EED1F-FCF9-4A57-AD77-6939C81B64FB}.Release|x64.ActiveCfg = Release|x64
		{120EED1F-FCF9-4A57-AD77-6939C81B64FB}.Release|x64.Build.0 = Release|x64
		{120EED1F-FCF9-4A57-AD77-6939C81B64FB}.Release|x64.Deploy.0 = Release|x64
		{120EED1F-FCF9-4A57-AD77-6939C81B64FB}.Release|x86.ActiveCfg = Release|x86
		{120EED1F-FCF9-4A57-AD77-6939C81B64FB}.Release|x86.Build.0 = Release|x86
		{120EED1F-FCF9-4A57-AD77-6939C81B64FB}.Release|x86.Deploy.0 = Release|x86
	EndGlobalSection
	GlobalSection(SolutionProperties) = preSolution
		HideSolutionNode = FALSE
	EndGlobalSection
EndGlobal
